# This file is generated by running "yarn install" inside your project.
# Manual changes might be lost - proceed with caution!

__metadata:
  version: 6

"learn-monorepo@workspace:.":
  version: 0.0.0-use.local
  resolution: "learn-monorepo@workspace:."
  languageName: unknown
  linkType: soft

"package_a@workspace:^, package_a@workspace:packages/package_a":
  version: 0.0.0-use.local
  resolution: "package_a@workspace:packages/package_a"
  languageName: unknown
  linkType: soft

"package_b@workspace:packages/package_b":
  version: 0.0.0-use.local
  resolution: "package_b@workspace:packages/package_b"
  dependencies:
    package_a: "workspace:^"
  languageName: unknown
  linkType: soft
